Microsoft Visual Studio Solution File, Format Version 12.00
# Visual Studio Version 17
VisualStudioVersion = 17.5.2.0
MinimumVisualStudioVersion = 10.0.40219.1
Project("{FAE04EC0-301F-11D3-BF4B-00C04F79EFBC}") = "MsFullstackSample.Api", "api\MsFullstackSample.Api.csproj", "{7138B089-F778-8211-2256-2CA74F6BC2AA}"
EndProject
Global
	GlobalSection(SolutionConfigurationPlatforms) = preSolution
		Debug|Any CPU = Debug|Any CPU
		Release|Any CPU = Release|Any CPU
	EndGlobalSection
	GlobalSection(ProjectConfigurationPlatforms) = postSolution
		{7138B089-F778-8211-2256-2CA74F6BC2AA}.Debug|Any CPU.ActiveCfg = Debug|Any CPU
		{7138B089-F778-8211-2256-2CA74F6BC2AA}.Debug|Any CPU.Build.0 = Debug|Any CPU
		{7138B089-F778-8211-2256-2CA74F6BC2AA}.Release|Any CPU.ActiveCfg = Release|Any CPU
		{7138B089-F778-8211-2256-2CA74F6BC2AA}.Release|Any CPU.Build.0 = Release|Any CPU
	EndGlobalSection
	GlobalSection(SolutionProperties) = preSolution
		HideSolutionNode = FALSE
	EndGlobalSection
	GlobalSection(ExtensibilityGlobals) = postSolution
		SolutionGuid = {CCA967DF-ED69-4FED-A95E-0152F54DDED4}
	EndGlobalSection
EndGlobal
